
Microsoft Visual Studio Solution File, Format Version 12.00
# Visual Studio Version 16
VisualStudioVersion = 16.0.29709.97
MinimumVisualStudioVersion = 10.0.40219.1
Project("{2150E333-8FDC-42A3-9474-1A3956D46DE8}") = "Solution Items", "Solution Items", "{8C79DA14-8F80-457A-8F82-7811E0D45407}"
	ProjectSection(SolutionItems) = preProject
		.gitignore = .gitignore
		ACKNOWLEDGMENTS.md = ACKNOWLEDGMENTS.md
		AUTHORS.md = AUTHORS.md
		CHANGELOG.md = CHANGELOG.md
		CODE_OF_CONDUCT.md = CODE_OF_CONDUCT.md
		CONTRIBUTING.md = CONTRIBUTING.md
		LICENSE.md = LICENSE.md
		README.md = README.md
		RELEASE.md = RELEASE.md
		ROADMAP.md = ROADMAP.md
		TODO.md = TODO.md
	EndProjectSection
EndProject
Project("{E24C65DC-7377-472B-9ABA-BC803B73C61A}") = "docs", "docs\", "{DC8964C7-18A9-462A-AF4B-73E6839925FC}"
	ProjectSection(WebsiteProperties) = preProject
		TargetFrameworkMoniker = ".NETFramework,Version%3Dv4.0"
		Debug.AspNetCompiler.VirtualPath = "/localhost_50111"
		Debug.AspNetCompiler.PhysicalPath = "docs\"
		Debug.AspNetCompiler.TargetPath = "PrecompiledWeb\localhost_50111\"
		Debug.AspNetCompiler.Updateable = "true"
		Debug.AspNetCompiler.ForceOverwrite = "true"
		Debug.AspNetCompiler.FixedNames = "false"
		Debug.AspNetCompiler.Debug = "True"
		Release.AspNetCompiler.VirtualPath = "/localhost_50111"
		Release.AspNetCompiler.PhysicalPath = "docs\"
		Release.AspNetCompiler.TargetPath = "PrecompiledWeb\localhost_50111\"
		Release.AspNetCompiler.Updateable = "true"
		Release.AspNetCompiler.ForceOverwrite = "true"
		Release.AspNetCompiler.FixedNames = "false"
		Release.AspNetCompiler.Debug = "False"
		VWDPort = "50111"
		SlnRelativePath = "docs\"
	EndProjectSection
EndProject
Project("{E24C65DC-7377-472B-9ABA-BC803B73C61A}") = "PHP", "src\PHP\", "{13AC6F3D-DBEF-47C1-98D1-C3BAAD6C79BA}"
	ProjectSection(WebsiteProperties) = preProject
		TargetFrameworkMoniker = ".NETFramework,Version%3Dv4.0"
		Debug.AspNetCompiler.VirtualPath = "/localhost_55931"
		Debug.AspNetCompiler.PhysicalPath = "src\PHP\"
		Debug.AspNetCompiler.TargetPath = "PrecompiledWeb\localhost_55931\"
		Debug.AspNetCompiler.Updateable = "true"
		Debug.AspNetCompiler.ForceOverwrite = "true"
		Debug.AspNetCompiler.FixedNames = "false"
		Debug.AspNetCompiler.Debug = "True"
		Release.AspNetCompiler.VirtualPath = "/localhost_55931"
		Release.AspNetCompiler.PhysicalPath = "src\PHP\"
		Release.AspNetCompiler.TargetPath = "PrecompiledWeb\localhost_55931\"
		Release.AspNetCompiler.Updateable = "true"
		Release.AspNetCompiler.ForceOverwrite = "true"
		Release.AspNetCompiler.FixedNames = "false"
		Release.AspNetCompiler.Debug = "False"
		VWDPort = "55931"
		SlnRelativePath = "src\PHP\"
	EndProjectSection
EndProject
Global
	GlobalSection(SolutionConfigurationPlatforms) = preSolution
		Debug|Any CPU = Debug|Any CPU
		Release|Any CPU = Release|Any CPU
	EndGlobalSection
	GlobalSection(ProjectConfigurationPlatforms) = postSolution
		{DC8964C7-18A9-462A-AF4B-73E6839925FC}.Debug|Any CPU.ActiveCfg = Debug|Any CPU
		{DC8964C7-18A9-462A-AF4B-73E6839925FC}.Debug|Any CPU.Build.0 = Debug|Any CPU
		{DC8964C7-18A9-462A-AF4B-73E6839925FC}.Release|Any CPU.ActiveCfg = Debug|Any CPU
		{DC8964C7-18A9-462A-AF4B-73E6839925FC}.Release|Any CPU.Build.0 = Debug|Any CPU
		{13AC6F3D-DBEF-47C1-98D1-C3BAAD6C79BA}.Debug|Any CPU.ActiveCfg = Debug|Any CPU
		{13AC6F3D-DBEF-47C1-98D1-C3BAAD6C79BA}.Debug|Any CPU.Build.0 = Debug|Any CPU
		{13AC6F3D-DBEF-47C1-98D1-C3BAAD6C79BA}.Release|Any CPU.ActiveCfg = Debug|Any CPU
		{13AC6F3D-DBEF-47C1-98D1-C3BAAD6C79BA}.Release|Any CPU.Build.0 = Debug|Any CPU
	EndGlobalSection
	GlobalSection(SolutionProperties) = preSolution
		HideSolutionNode = FALSE
	EndGlobalSection
	GlobalSection(ExtensibilityGlobals) = postSolution
		SolutionGuid = {A807AC42-0D51-4242-BA88-AA1E514DC9FB}
	EndGlobalSection
EndGlobal
